
Microsoft Visual Studio Solution File, Format Version 12.00
Project("{FAE04EC0-301F-11D3-BF4B-00C04F79EFBC}") = "Lab42", "Lab42\Lab42.csproj", "{569CC0D8-3A8C-4F78-9043-2B8A32556680}"
EndProject
Global
	GlobalSection(SolutionConfigurationPlatforms) = preSolution
		Debug|Any CPU = Debug|Any CPU
		Release|Any CPU = Release|Any CPU
	EndGlobalSection
	GlobalSection(ProjectConfigurationPlatforms) = postSolution
		{569CC0D8-3A8C-4F78-9043-2B8A32556680}.Debug|Any CPU.ActiveCfg = Debug|Any CPU
		{569CC0D8-3A8C-4F78-9043-2B8A32556680}.Debug|Any CPU.Build.0 = Debug|Any CPU
		{569CC0D8-3A8C-4F78-9043-2B8A32556680}.Release|Any CPU.ActiveCfg = Release|Any CPU
		{569CC0D8-3A8C-4F78-9043-2B8A32556680}.Release|Any CPU.Build.0 = Release|Any CPU
	EndGlobalSection
EndGlobal
